
Microsoft Visual Studio Solution File, Format Version 12.00
# Visual Studio Version 17
VisualStudioVersion = 17.1.32228.430
MinimumVisualStudioVersion = 10.0.40219.1
Project("{8BC9CEB8-8B4A-11D0-8D11-00A0C91BC942}") = "高并发内存池", "高并发内存池.vcxproj", "{9F22F516-65AC-4D23-B1DA-A4E7F37EE306}"
EndProject
Global
	GlobalSection(SolutionConfigurationPlatforms) = preSolution
		Debug|x64 = Debug|x64
		Debug|x86 = Debug|x86
		Release|x64 = Release|x64
		Release|x86 = Release|x86
	EndGlobalSection
	GlobalSection(ProjectConfigurationPlatforms) = postSolution
		{9F22F516-65AC-4D23-B1DA-A4E7F37EE306}.Debug|x64.ActiveCfg = Debug|x64
		{9F22F516-65AC-4D23-B1DA-A4E7F37EE306}.Debug|x64.Build.0 = Debug|x64
		{9F22F516-65AC-4D23-B1DA-A4E7F37EE306}.Debug|x86.ActiveCfg = Debug|Win32
		{9F22F516-65AC-4D23-B1DA-A4E7F37EE306}.Debug|x86.Build.0 = Debug|Win32
		{9F22F516-65AC-4D23-B1DA-A4E7F37EE306}.Release|x64.ActiveCfg = Release|x64
		{9F22F516-65AC-4D23-B1DA-A4E7F37EE306}.Release|x64.Build.0 = Release|x64
		{9F22F516-65AC-4D23-B1DA-A4E7F37EE306}.Release|x86.ActiveCfg = Release|Win32
		{9F22F516-65AC-4D23-B1DA-A4E7F37EE306}.Release|x86.Build.0 = Release|Win32
	EndGlobalSection
	GlobalSection(SolutionProperties) = preSolution
		HideSolutionNode = FALSE
	EndGlobalSection
	GlobalSection(ExtensibilityGlobals) = postSolution
		SolutionGuid = {276B148D-7CA3-4A38-B1C1-FA68E14D6BA3}
	EndGlobalSection
EndGlobal
